
Microsoft Visual Studio Solution File, Format Version 12.00
# Visual Studio 15
VisualStudioVersion = 15.0.27703.2042
MinimumVisualStudioVersion = 10.0.40219.1
Project("{FAE04EC0-301F-11D3-BF4B-00C04F79EFBC}") = "Console", "Console\Console.csproj", "{66148702-9154-431E-B5C5-3D11606F6B40}"
EndProject
Project("{FAE04EC0-301F-11D3-BF4B-00C04F79EFBC}") = "DesignPatternLibrary", "DesignPatternLibrary\DesignPatternLibrary.csproj", "{F11A8EAF-40A8-4720-BAA3-54EC9AA15625}"
EndProject
Global
	GlobalSection(SolutionConfigurationPlatforms) = preSolution
		Debug|Any CPU = Debug|Any CPU
		Release|Any CPU = Release|Any CPU
	EndGlobalSection
	GlobalSection(ProjectConfigurationPlatforms) = postSolution
		{66148702-9154-431E-B5C5-3D11606F6B40}.Debug|Any CPU.ActiveCfg = Debug|Any CPU
		{66148702-9154-431E-B5C5-3D11606F6B40}.Debug|Any CPU.Build.0 = Debug|Any CPU
		{66148702-9154-431E-B5C5-3D11606F6B40}.Release|Any CPU.ActiveCfg = Release|Any CPU
		{66148702-9154-431E-B5C5-3D11606F6B40}.Release|Any CPU.Build.0 = Release|Any CPU
		{F11A8EAF-40A8-4720-BAA3-54EC9AA15625}.Debug|Any CPU.ActiveCfg = Debug|Any CPU
		{F11A8EAF-40A8-4720-BAA3-54EC9AA15625}.Debug|Any CPU.Build.0 = Debug|Any CPU
		{F11A8EAF-40A8-4720-BAA3-54EC9AA15625}.Release|Any CPU.ActiveCfg = Release|Any CPU
		{F11A8EAF-40A8-4720-BAA3-54EC9AA15625}.Release|Any CPU.Build.0 = Release|Any CPU
	EndGlobalSection
	GlobalSection(SolutionProperties) = preSolution
		HideSolutionNode = FALSE
	EndGlobalSection
	GlobalSection(ExtensibilityGlobals) = postSolution
		SolutionGuid = {92AE27FA-B4ED-4067-88E2-438DFE8E244D}
	EndGlobalSection
EndGlobal
